
Microsoft Visual Studio Solution File, Format Version 12.00
# Visual Studio 15
VisualStudioVersion = 15.0.26430.15
MinimumVisualStudioVersion = 10.0.40219.1
Project("{FAE04EC0-301F-11D3-BF4B-00C04F79EFBC}") = "HermesORM", "HermesORM\HermesORM.csproj", "{AF0053D8-FD12-4AD5-BB33-C347CE2379BC}"
EndProject
Project("{FAE04EC0-301F-11D3-BF4B-00C04F79EFBC}") = "HermesWCF", "HermesWCF\HermesWCF.csproj", "{E4EEBCD5-D2FD-468B-AE32-EA34CB29969C}"
EndProject
Project("{FAE04EC0-301F-11D3-BF4B-00C04F79EFBC}") = "ChatHermes.WebHost", "ChatHermes.WebHost\ChatHermes.WebHost.csproj", "{88CC26E4-6FF2-41E4-A78B-F5109412830D}"
EndProject
Project("{FAE04EC0-301F-11D3-BF4B-00C04F79EFBC}") = "ChHermes", "ChHermes\ChHermes.csproj", "{E0ED6207-FB90-4E2D-A9AE-EDDED421C808}"
EndProject
Global
	GlobalSection(SolutionConfigurationPlatforms) = preSolution
		Debug|Any CPU = Debug|Any CPU
		Release|Any CPU = Release|Any CPU
	EndGlobalSection
	GlobalSection(ProjectConfigurationPlatforms) = postSolution
		{AF0053D8-FD12-4AD5-BB33-C347CE2379BC}.Debug|Any CPU.ActiveCfg = Debug|Any CPU
		{AF0053D8-FD12-4AD5-BB33-C347CE2379BC}.Debug|Any CPU.Build.0 = Debug|Any CPU
		{AF0053D8-FD12-4AD5-BB33-C347CE2379BC}.Release|Any CPU.ActiveCfg = Release|Any CPU
		{AF0053D8-FD12-4AD5-BB33-C347CE2379BC}.Release|Any CPU.Build.0 = Release|Any CPU
		{E4EEBCD5-D2FD-468B-AE32-EA34CB29969C}.Debug|Any CPU.ActiveCfg = Debug|Any CPU
		{E4EEBCD5-D2FD-468B-AE32-EA34CB29969C}.Debug|Any CPU.Build.0 = Debug|Any CPU
		{E4EEBCD5-D2FD-468B-AE32-EA34CB29969C}.Release|Any CPU.ActiveCfg = Release|Any CPU
		{E4EEBCD5-D2FD-468B-AE32-EA34CB29969C}.Release|Any CPU.Build.0 = Release|Any CPU
		{88CC26E4-6FF2-41E4-A78B-F5109412830D}.Debug|Any CPU.ActiveCfg = Debug|Any CPU
		{88CC26E4-6FF2-41E4-A78B-F5109412830D}.Debug|Any CPU.Build.0 = Debug|Any CPU
		{88CC26E4-6FF2-41E4-A78B-F5109412830D}.Release|Any CPU.ActiveCfg = Release|Any CPU
		{88CC26E4-6FF2-41E4-A78B-F5109412830D}.Release|Any CPU.Build.0 = Release|Any CPU
		{E0ED6207-FB90-4E2D-A9AE-EDDED421C808}.Debug|Any CPU.ActiveCfg = Debug|Any CPU
		{E0ED6207-FB90-4E2D-A9AE-EDDED421C808}.Debug|Any CPU.Build.0 = Debug|Any CPU
		{E0ED6207-FB90-4E2D-A9AE-EDDED421C808}.Release|Any CPU.ActiveCfg = Release|Any CPU
		{E0ED6207-FB90-4E2D-A9AE-EDDED421C808}.Release|Any CPU.Build.0 = Release|Any CPU
	EndGlobalSection
	GlobalSection(SolutionProperties) = preSolution
		HideSolutionNode = FALSE
	EndGlobalSection
EndGlobal
