
Microsoft Visual Studio Solution File, Format Version 12.00
# Visual Studio 15
VisualStudioVersion = 15.0.26430.15
MinimumVisualStudioVersion = 10.0.40219.1
Project("{9A19103F-16F7-4668-BE54-9A1E7A4F7556}") = "Activity8", "Activity8\Activity8.csproj", "{8D39CA8D-8B38-49C5-9D68-4EF24C85326E}"
EndProject
Project("{FAE04EC0-301F-11D3-BF4B-00C04F79EFBC}") = "Activity8.Test", "Activity8.Test\Activity8.Test.csproj", "{A526409A-D3EE-4157-A905-DEB8AEEE42BF}"
EndProject
Global
	GlobalSection(SolutionConfigurationPlatforms) = preSolution
		Debug|Any CPU = Debug|Any CPU
		Release|Any CPU = Release|Any CPU
	EndGlobalSection
	GlobalSection(ProjectConfigurationPlatforms) = postSolution
		{8D39CA8D-8B38-49C5-9D68-4EF24C85326E}.Debug|Any CPU.ActiveCfg = Debug|Any CPU
		{8D39CA8D-8B38-49C5-9D68-4EF24C85326E}.Debug|Any CPU.Build.0 = Debug|Any CPU
		{8D39CA8D-8B38-49C5-9D68-4EF24C85326E}.Release|Any CPU.ActiveCfg = Release|Any CPU
		{8D39CA8D-8B38-49C5-9D68-4EF24C85326E}.Release|Any CPU.Build.0 = Release|Any CPU
		{A526409A-D3EE-4157-A905-DEB8AEEE42BF}.Debug|Any CPU.ActiveCfg = Debug|Any CPU
		{A526409A-D3EE-4157-A905-DEB8AEEE42BF}.Debug|Any CPU.Build.0 = Debug|Any CPU
		{A526409A-D3EE-4157-A905-DEB8AEEE42BF}.Release|Any CPU.ActiveCfg = Release|Any CPU
		{A526409A-D3EE-4157-A905-DEB8AEEE42BF}.Release|Any CPU.Build.0 = Release|Any CPU
	EndGlobalSection
	GlobalSection(SolutionProperties) = preSolution
		HideSolutionNode = FALSE
	EndGlobalSection
EndGlobal
